version = 1
requires-python = ">=3.12"

[[package]]
name = "bidict"
version = "0.23.1"
source = { registry = "https://pypi.org/simple" }
sdist = { url = "https://files.pythonhosted.org/packages/9a/6e/026678aa5a830e07cd9498a05d3e7e650a4f56a42f267a53d22bcda1bdc9/bidict-0.23.1.tar.gz", hash = "sha256:03069d763bc387bbd20e7d49914e75fc4132a41937fa3405417e1a5a2d006d71", size = 29093 }
wheels = [
    { url = "https://files.pythonhosted.org/packages/99/37/e8730c3587a65eb5645d4aba2d27aae48e8003614d6aaf15dda67f702f1f/bidict-0.23.1-py3-none-any.whl", hash = "sha256:5dae8d4d79b552a71cbabc7deb25dfe8ce710b17ff41711e13010ead2abfc3e5", size = 32764 },
]

[[package]]
name = "blinker"
version = "1.8.2"
source = { registry = "https://pypi.org/simple" }
sdist = { url = "https://files.pythonhosted.org/packages/1e/57/a6a1721eff09598fb01f3c7cda070c1b6a0f12d63c83236edf79a440abcc/blinker-1.8.2.tar.gz", hash = "sha256:8f77b09d3bf7c795e969e9486f39c2c5e9c39d4ee07424be2bc594ece9642d83", size = 23161 }
wheels = [
    { url = "https://files.pythonhosted.org/packages/bb/2a/10164ed1f31196a2f7f3799368a821765c62851ead0e630ab52b8e14b4d0/blinker-1.8.2-py3-none-any.whl", hash = "sha256:1779309f71bf239144b9399d06ae925637cf6634cf6bd131104184531bf67c01", size = 9456 },
]

[[package]]
name = "certifi"
version = "2024.8.30"
source = { registry = "https://pypi.org/simple" }
sdist = { url = "https://files.pythonhosted.org/packages/b0/ee/9b19140fe824b367c04c5e1b369942dd754c4c5462d5674002f75c4dedc1/certifi-2024.8.30.tar.gz", hash = "sha256:bec941d2aa8195e248a60b31ff9f0558284cf01a52591ceda73ea9afffd69fd9", size = 168507 }
wheels = [
    { url = "https://files.pythonhosted.org/packages/12/90/3c9ff0512038035f59d279fddeb79f5f1eccd8859f06d6163c58798b9487/certifi-2024.8.30-py3-none-any.whl", hash = "sha256:922820b53db7a7257ffbda3f597266d435245903d80737e34f8a45ff3e3230d8", size = 167321 },
]

[[package]]
name = "charset-normalizer"
version = "3.3.2"
source = { registry = "https://pypi.org/simple" }
sdist = { url = "https://files.pythonhosted.org/packages/63/09/c1bc53dab74b1816a00d8d030de5bf98f724c52c1635e07681d312f20be8/charset-normalizer-3.3.2.tar.gz", hash = "sha256:f30c3cb33b24454a82faecaf01b19c18562b1e89558fb6c56de4d9118a032fd5", size = 104809 }
wheels = [
    { url = "https://files.pythonhosted.org/packages/d1/b2/fcedc8255ec42afee97f9e6f0145c734bbe104aac28300214593eb326f1d/charset_normalizer-3.3.2-cp312-cp312-macosx_10_9_universal2.whl", hash = "sha256:0b2b64d2bb6d3fb9112bafa732def486049e63de9618b5843bcdd081d8144cd8", size = 192892 },
    { url = "https://files.pythonhosted.org/packages/2e/7d/2259318c202f3d17f3fe6438149b3b9e706d1070fe3fcbb28049730bb25c/charset_normalizer-3.3.2-cp312-cp312-macosx_10_9_x86_64.whl", hash = "sha256:ddbb2551d7e0102e7252db79ba445cdab71b26640817ab1e3e3648dad515003b", size = 122213 },
    { url = "https://files.pythonhosted.org/packages/3a/52/9f9d17c3b54dc238de384c4cb5a2ef0e27985b42a0e5cc8e8a31d918d48d/charset_normalizer-3.3.2-cp312-cp312-macosx_11_0_arm64.whl", hash = "sha256:55086ee1064215781fff39a1af09518bc9255b50d6333f2e4c74ca09fac6a8f6", size = 119404 },
    { url = "https://files.pythonhosted.org/packages/99/b0/9c365f6d79a9f0f3c379ddb40a256a67aa69c59609608fe7feb6235896e1/charset_normalizer-3.3.2-cp312-cp312-manylinux_2_17_aarch64.manylinux2014_aarch64.whl", hash = "sha256:8f4a014bc36d3c57402e2977dada34f9c12300af536839dc38c0beab8878f38a", size = 137275 },
    { url = "https://files.pythonhosted.org/packages/91/33/749df346e93d7a30cdcb90cbfdd41a06026317bfbfb62cd68307c1a3c543/charset_normalizer-3.3.2-cp312-cp312-manylinux_2_17_ppc64le.manylinux2014_ppc64le.whl", hash = "sha256:a10af20b82360ab00827f916a6058451b723b4e65030c5a18577c8b2de5b3389", size = 147518 },
    { url = "https://files.pythonhosted.org/packages/72/1a/641d5c9f59e6af4c7b53da463d07600a695b9824e20849cb6eea8a627761/charset_normalizer-3.3.2-cp312-cp312-manylinux_2_17_s390x.manylinux2014_s390x.whl", hash = "sha256:8d756e44e94489e49571086ef83b2bb8ce311e730092d2c34ca8f7d925cb20aa", size = 140182 },
    { url = "https://files.pythonhosted.org/packages/ee/fb/14d30eb4956408ee3ae09ad34299131fb383c47df355ddb428a7331cfa1e/charset_normalizer-3.3.2-cp312-cp312-manylinux_2_17_x86_64.manylinux2014_x86_64.whl", hash = "sha256:90d558489962fd4918143277a773316e56c72da56ec7aa3dc3dbbe20fdfed15b", size = 141869 },
    { url = "https://files.pythonhosted.org/packages/df/3e/a06b18788ca2eb6695c9b22325b6fde7dde0f1d1838b1792a0076f58fe9d/charset_normalizer-3.3.2-cp312-cp312-manylinux_2_5_i686.manylinux1_i686.manylinux_2_17_i686.manylinux2014_i686.whl", hash = "sha256:6ac7ffc7ad6d040517be39eb591cac5ff87416c2537df6ba3cba3bae290c0fed", size = 144042 },
    { url = "https://files.pythonhosted.org/packages/45/59/3d27019d3b447a88fe7e7d004a1e04be220227760264cc41b405e863891b/charset_normalizer-3.3.2-cp312-cp312-musllinux_1_1_aarch64.whl", hash = "sha256:7ed9e526742851e8d5cc9e6cf41427dfc6068d4f5a3bb03659444b4cabf6bc26", size = 138275 },
    { url = "https://files.pythonhosted.org/packages/7b/ef/5eb105530b4da8ae37d506ccfa25057961b7b63d581def6f99165ea89c7e/charset_normalizer-3.3.2-cp312-cp312-musllinux_1_1_i686.whl", hash = "sha256:8bdb58ff7ba23002a4c5808d608e4e6c687175724f54a5dade5fa8c67b604e4d", size = 144819 },
    { url = "https://files.pythonhosted.org/packages/a2/51/e5023f937d7f307c948ed3e5c29c4b7a3e42ed2ee0b8cdf8f3a706089bf0/charset_normalizer-3.3.2-cp312-cp312-musllinux_1_1_ppc64le.whl", hash = "sha256:6b3251890fff30ee142c44144871185dbe13b11bab478a88887a639655be1068", size = 149415 },
    { url = "https://files.pythonhosted.org/packages/24/9d/2e3ef673dfd5be0154b20363c5cdcc5606f35666544381bee15af3778239/charset_normalizer-3.3.2-cp312-cp312-musllinux_1_1_s390x.whl", hash = "sha256:b4a23f61ce87adf89be746c8a8974fe1c823c891d8f86eb218bb957c924bb143", size = 141212 },
    { url = "https://files.pythonhosted.org/packages/5b/ae/ce2c12fcac59cb3860b2e2d76dc405253a4475436b1861d95fe75bdea520/charset_normalizer-3.3.2-cp312-cp312-musllinux_1_1_x86_64.whl", hash = "sha256:efcb3f6676480691518c177e3b465bcddf57cea040302f9f4e6e191af91174d4", size = 142167 },
    { url = "https://files.pythonhosted.org/packages/ed/3a/a448bf035dce5da359daf9ae8a16b8a39623cc395a2ffb1620aa1bce62b0/charset_normalizer-3.3.2-cp312-cp312-win32.whl", hash = "sha256:d965bba47ddeec8cd560687584e88cf699fd28f192ceb452d1d7ee807c5597b7", size = 93041 },
    { url = "https://files.pythonhosted.org/packages/b6/7c/8debebb4f90174074b827c63242c23851bdf00a532489fba57fef3416e40/charset_normalizer-3.3.2-cp312-cp312-win_amd64.whl", hash = "sha256:96b02a3dc4381e5494fad39be677abcb5e6634bf7b4fa83a6dd3112607547001", size = 100397 },
    { url = "https://files.pythonhosted.org/packages/28/76/e6222113b83e3622caa4bb41032d0b1bf785250607392e1b778aca0b8a7d/charset_normalizer-3.3.2-py3-none-any.whl", hash = "sha256:3e4d1f6587322d2788836a99c69062fbb091331ec940e02d12d179c1d53e25fc", size = 48543 },
]

[[package]]
name = "click"
version = "8.1.7"
source = { registry = "https://pypi.org/simple" }
dependencies = [
    { name = "colorama", marker = "platform_system == 'Windows'" },
]
sdist = { url = "https://files.pythonhosted.org/packages/96/d3/f04c7bfcf5c1862a2a5b845c6b2b360488cf47af55dfa79c98f6a6bf98b5/click-8.1.7.tar.gz", hash = "sha256:ca9853ad459e787e2192211578cc907e7594e294c7ccc834310722b41b9ca6de", size = 336121 }
wheels = [
    { url = "https://files.pythonhosted.org/packages/00/2e/d53fa4befbf2cfa713304affc7ca780ce4fc1fd8710527771b58311a3229/click-8.1.7-py3-none-any.whl", hash = "sha256:ae74fb96c20a0277a1d615f1e4d73c8414f5a98db8b799a7931d1582f3390c28", size = 97941 },
]

[[package]]
name = "colorama"
version = "0.4.6"
source = { registry = "https://pypi.org/simple" }
sdist = { url = "https://files.pythonhosted.org/packages/d8/53/6f443c9a4a8358a93a6792e2acffb9d9d5cb0a5cfd8802644b7b1c9a02e4/colorama-0.4.6.tar.gz", hash = "sha256:08695f5cb7ed6e0531a20572697297273c47b8cae5a63ffc6d6ed5c201be6e44", size = 27697 }
wheels = [
    { url = "https://files.pythonhosted.org/packages/d1/d6/3965ed04c63042e047cb6a3e6ed1a63a35087b6a609aa3a15ed8ac56c221/colorama-0.4.6-py2.py3-none-any.whl", hash = "sha256:4f1d9991f5acc0ca119f9d443620b77f9d6b33703e51011c16baf57afb285fc6", size = 25335 },
]

[[package]]
name = "flask"
version = "3.0.3"
source = { registry = "https://pypi.org/simple" }
dependencies = [
    { name = "blinker" },
    { name = "click" },
    { name = "itsdangerous" },
    { name = "jinja2" },
    { name = "werkzeug" },
]
sdist = { url = "https://files.pythonhosted.org/packages/41/e1/d104c83026f8d35dfd2c261df7d64738341067526406b40190bc063e829a/flask-3.0.3.tar.gz", hash = "sha256:ceb27b0af3823ea2737928a4d99d125a06175b8512c445cbd9a9ce200ef76842", size = 676315 }
wheels = [
    { url = "https://files.pythonhosted.org/packages/61/80/ffe1da13ad9300f87c93af113edd0638c75138c42a0994becfacac078c06/flask-3.0.3-py3-none-any.whl", hash = "sha256:34e815dfaa43340d1d15a5c3a02b8476004037eb4840b34910c6e21679d288f3", size = 101735 },
]

[[package]]
name = "flask-socketio"
version = "5.3.7"
source = { registry = "https://pypi.org/simple" }
dependencies = [
    { name = "flask" },
    { name = "python-socketio" },
]
sdist = { url = "https://files.pythonhosted.org/packages/6e/67/66fe6f75f4bc52ac9181b4f2e29baf0448b5f834ed4be843002d63582797/flask_socketio-5.3.7.tar.gz", hash = "sha256:e57685c2a2360c9e1a1d63083f45f737ce3080415fd735bc4026879e65b427bd", size = 37177 }
wheels = [
    { url = "https://files.pythonhosted.org/packages/44/98/8e04d087fb40d69376c3b84b59e0447dfa2f7a4cccfcd4b7e5f0460fff51/Flask_SocketIO-5.3.7-py3-none-any.whl", hash = "sha256:6a35cb9b8c745372c0875e5ac02391688613344e9c441ff75afecc5e2e3d0ce6", size = 18157 },
]

[[package]]
name = "h11"
version = "0.14.0"
source = { registry = "https://pypi.org/simple" }
sdist = { url = "https://files.pythonhosted.org/packages/f5/38/3af3d3633a34a3316095b39c8e8fb4853a28a536e55d347bd8d8e9a14b03/h11-0.14.0.tar.gz", hash = "sha256:8f19fbbe99e72420ff35c00b27a34cb9937e902a8b810e2c88300c6f0a3b699d", size = 100418 }
wheels = [
    { url = "https://files.pythonhosted.org/packages/95/04/ff642e65ad6b90db43e668d70ffb6736436c7ce41fcc549f4e9472234127/h11-0.14.0-py3-none-any.whl", hash = "sha256:e3fe4ac4b851c468cc8363d500db52c2ead036020723024a109d37346efaa761", size = 58259 },
]

[[package]]
name = "hybrid-hypothesis-replication"
version = "0.1.0"
source = { editable = "." }
dependencies = [
    { name = "flask" },
    { name = "flask-socketio" },
    { name = "levenshtein" },
    { name = "plotly" },
    { name = "polars" },
    { name = "requests" },
    { name = "tqdm" },
]

[package.metadata]
requires-dist = [
    { name = "flask", specifier = ">=3.0.3" },
    { name = "flask-socketio" },
    { name = "levenshtein", specifier = ">=0.25.1" },
    { name = "plotly", specifier = ">=5.24.0" },
    { name = "polars", specifier = ">=1.6.0" },
    { name = "requests" },
    { name = "tqdm" },
]

[[package]]
name = "idna"
version = "3.8"
source = { registry = "https://pypi.org/simple" }
sdist = { url = "https://files.pythonhosted.org/packages/e8/ac/e349c5e6d4543326c6883ee9491e3921e0d07b55fdf3cce184b40d63e72a/idna-3.8.tar.gz", hash = "sha256:d838c2c0ed6fced7693d5e8ab8e734d5f8fda53a039c0164afb0b82e771e3603", size = 189467 }
wheels = [
    { url = "https://files.pythonhosted.org/packages/22/7e/d71db821f177828df9dea8c42ac46473366f191be53080e552e628aad991/idna-3.8-py3-none-any.whl", hash = "sha256:050b4e5baadcd44d760cedbd2b8e639f2ff89bbc7a5730fcc662954303377aac", size = 66894 },
]

[[package]]
name = "itsdangerous"
version = "2.2.0"
source = { registry = "https://pypi.org/simple" }
sdist = { url = "https://files.pythonhosted.org/packages/9c/cb/8ac0172223afbccb63986cc25049b154ecfb5e85932587206f42317be31d/itsdangerous-2.2.0.tar.gz", hash = "sha256:e0050c0b7da1eea53ffaf149c0cfbb5c6e2e2b69c4bef22c81fa6eb73e5f6173", size = 54410 }
wheels = [
    { url = "https://files.pythonhosted.org/packages/04/96/92447566d16df59b2a776c0fb82dbc4d9e07cd95062562af01e408583fc4/itsdangerous-2.2.0-py3-none-any.whl", hash = "sha256:c6242fc49e35958c8b15141343aa660db5fc54d4f13a1db01a3f5891b98700ef", size = 16234 },
]

[[package]]
name = "jinja2"
version = "3.1.4"
source = { registry = "https://pypi.org/simple" }
dependencies = [
    { name = "markupsafe" },
]
sdist = { url = "https://files.pythonhosted.org/packages/ed/55/39036716d19cab0747a5020fc7e907f362fbf48c984b14e62127f7e68e5d/jinja2-3.1.4.tar.gz", hash = "sha256:4a3aee7acbbe7303aede8e9648d13b8bf88a429282aa6122a993f0ac800cb369", size = 240245 }
wheels = [
    { url = "https://files.pythonhosted.org/packages/31/80/3a54838c3fb461f6fec263ebf3a3a41771bd05190238de3486aae8540c36/jinja2-3.1.4-py3-none-any.whl", hash = "sha256:bc5dd2abb727a5319567b7a813e6a2e7318c39f4f487cfe6c89c6f9c7d25197d", size = 133271 },
]

[[package]]
name = "levenshtein"
version = "0.25.1"
source = { registry = "https://pypi.org/simple" }
dependencies = [
    { name = "rapidfuzz" },
]
sdist = { url = "https://files.pythonhosted.org/packages/56/4b/9ca0071caba0ebe3dac4f9c97086f2cc07d1b908a97da26330c6ddbb0174/Levenshtein-0.25.1.tar.gz", hash = "sha256:2df14471c778c75ffbd59cb64bbecfd4b0ef320ef9f80e4804764be7d5678980", size = 149954 }
wheels = [
    { url = "https://files.pythonhosted.org/packages/ba/6a/5cd15e65b6fb488c3988c19efe362cf8f8619ba1e7d7978edecbdda4335c/Levenshtein-0.25.1-cp312-cp312-macosx_10_9_universal2.whl", hash = "sha256:4a40fa16ecd0bf9e557db67131aabeea957f82fe3e8df342aa413994c710c34e", size = 223326 },
    { url = "https://files.pythonhosted.org/packages/52/35/f5feb7ee2d4c41482329217abe176f24a92e6409074442184245b5423b7e/Levenshtein-0.25.1-cp312-cp312-macosx_10_9_x86_64.whl", hash = "sha256:4f7d2045d5927cffa65a0ac671c263edbfb17d880fdce2d358cd0bda9bcf2b6d", size = 135488 },
    { url = "https://files.pythonhosted.org/packages/1b/35/8a20840459669fcb94e8a2630cc5850955af87a550975fa148eda1793e16/Levenshtein-0.25.1-cp312-cp312-macosx_11_0_arm64.whl", hash = "sha256:40f96590539f9815be70e330b4d2efcce0219db31db5a22fffe99565192f5662", size = 103671 },
    { url = "https://files.pythonhosted.org/packages/65/dc/5a15b2f2604061ec30560b3403636fc1e30b06d3084cfdf8fb63d33e42da/Levenshtein-0.25.1-cp312-cp312-manylinux_2_17_aarch64.manylinux2014_aarch64.whl", hash = "sha256:2d78512dd25b572046ff86d8903bec283c373063349f8243430866b6a9946425", size = 168481 },
    { url = "https://files.pythonhosted.org/packages/24/e7/641c1cb1ef3830e0a77ffb4631e677be465dc635c3f8180b1d01768f3f54/Levenshtein-0.25.1-cp312-cp312-manylinux_2_17_ppc64le.manylinux2014_ppc64le.whl", hash = "sha256:c161f24a1b216e8555c874c7dd70c1a0d98f783f252a16c9face920a8b8a6f3e", size = 199628 },
    { url = "https://files.pythonhosted.org/packages/79/c1/a8845e9e398ef60ac09dcdb3a41e8462fda459ef93f6ee7e9032628c1a2d/Levenshtein-0.25.1-cp312-cp312-manylinux_2_17_s390x.manylinux2014_s390x.whl", hash = "sha256:06ebbfd010a00490795f478d18d7fa2ffc79c9c03fc03b678081f31764d16bab", size = 206995 },
    { url = "https://files.pythonhosted.org/packages/24/65/9bcf07be5a691d29786d904ae6c26e24f068a29419dab96264181a3c5b3b/Levenshtein-0.25.1-cp312-cp312-manylinux_2_17_x86_64.manylinux2014_x86_64.whl", hash = "sha256:eaa9ec0a4489ebfb25a9ec2cba064ed68d0d2485b8bc8b7203f84a7874755e0f", size = 176978 },
    { url = "https://files.pythonhosted.org/packages/6a/ea/23cfaf27fa0831183e0764b2c9c69b0abc990c8002c0561da99e66999fb5/Levenshtein-0.25.1-cp312-cp312-manylinux_2_5_i686.manylinux1_i686.manylinux_2_17_i686.manylinux2014_i686.whl", hash = "sha256:26408938a6db7b252824a701545d50dc9cdd7a3e4c7ee70834cca17953b76ad8", size = 264173 },
    { url = "https://files.pythonhosted.org/packages/50/07/b230f763ea4cc1f58b7d4745fe136f97004e9c9a5641bb5609029ef39d8f/Levenshtein-0.25.1-cp312-cp312-musllinux_1_1_aarch64.whl", hash = "sha256:330ec2faff957281f4e6a1a8c88286d1453e1d73ee273ea0f937e0c9281c2156", size = 644455 },
    { url = "https://files.pythonhosted.org/packages/35/c3/e440e89c032e5756a67ffee23dbb70edf3bb8deb815bb57dadb365eeb44a/Levenshtein-0.25.1-cp312-cp312-musllinux_1_1_i686.whl", hash = "sha256:9115d1b08626dfdea6f3955cb49ba5a578f7223205f80ead0038d6fc0442ce13", size = 757843 },
    { url = "https://files.pythonhosted.org/packages/4d/d0/d505e0273fde514cf60423dac455e9506fc965926670737897a9b40090ee/Levenshtein-0.25.1-cp312-cp312-musllinux_1_1_ppc64le.whl", hash = "sha256:bbd602edab758e93a5c67bf0d8322f374a47765f1cdb6babaf593a64dc9633ad", size = 711937 },
    { url = "https://files.pythonhosted.org/packages/14/d3/217a14658de1e2025fc500b74813f80c87da0842b6ec5ffd2a4c176d1fe6/Levenshtein-0.25.1-cp312-cp312-musllinux_1_1_s390x.whl", hash = "sha256:b930b4df32cd3aabbed0e9f0c4fdd1ea4090a5c022ba9f1ae4ab70ccf1cf897a", size = 733823 },
    { url = "https://files.pythonhosted.org/packages/95/74/c9101c6844b65b0829fc481e30c4faf05b75d74a567f9bbd23dd2223be6b/Levenshtein-0.25.1-cp312-cp312-musllinux_1_1_x86_64.whl", hash = "sha256:dd66fb51f88a3f73a802e1ff19a14978ddc9fbcb7ce3a667ca34f95ef54e0e44", size = 666135 },
    { url = "https://files.pythonhosted.org/packages/b9/d6/73dde2ce97d6b48641f4f8f4d27bb2715591d11161cccbbbedd2e3a2c5ef/Levenshtein-0.25.1-cp312-cp312-win32.whl", hash = "sha256:386de94bd1937a16ae3c8f8b7dd2eff1b733994ecf56ce4d05dfdd0e776d0261", size = 88141 },
    { url = "https://files.pythonhosted.org/packages/06/9f/7a23ef7b561a51becf2e8158c961db81cd48dce690a236b3978bd39d4048/Levenshtein-0.25.1-cp312-cp312-win_amd64.whl", hash = "sha256:9ee1902153d47886c9787598a4a5c324ce7fde44d44daa34fcf3652ac0de21bc", size = 98587 },
    { url = "https://files.pythonhosted.org/packages/cd/37/895754161a0b6d1b23bc2b25a94231ae661fc72aa1c3031d6cbeb7c3c93e/Levenshtein-0.25.1-cp312-cp312-win_arm64.whl", hash = "sha256:b56a7e7676093c3aee50402226f4079b15bd21b5b8f1820f9d6d63fe99dc4927", size = 87971 },
]

[[package]]
name = "markupsafe"
version = "2.1.5"
source = { registry = "https://pypi.org/simple" }
sdist = { url = "https://files.pythonhosted.org/packages/87/5b/aae44c6655f3801e81aa3eef09dbbf012431987ba564d7231722f68df02d/MarkupSafe-2.1.5.tar.gz", hash = "sha256:d283d37a890ba4c1ae73ffadf8046435c76e7bc2247bbb63c00bd1a709c6544b", size = 19384 }
wheels = [
    { url = "https://files.pythonhosted.org/packages/53/bd/583bf3e4c8d6a321938c13f49d44024dbe5ed63e0a7ba127e454a66da974/MarkupSafe-2.1.5-cp312-cp312-macosx_10_9_universal2.whl", hash = "sha256:8dec4936e9c3100156f8a2dc89c4b88d5c435175ff03413b443469c7c8c5f4d1", size = 18215 },
    { url = "https://files.pythonhosted.org/packages/48/d6/e7cd795fc710292c3af3a06d80868ce4b02bfbbf370b7cee11d282815a2a/MarkupSafe-2.1.5-cp312-cp312-macosx_10_9_x86_64.whl", hash = "sha256:3c6b973f22eb18a789b1460b4b91bf04ae3f0c4234a0a6aa6b0a92f6f7b951d4", size = 14069 },
    { url = "https://files.pythonhosted.org/packages/51/b5/5d8ec796e2a08fc814a2c7d2584b55f889a55cf17dd1a90f2beb70744e5c/MarkupSafe-2.1.5-cp312-cp312-manylinux_2_17_aarch64.manylinux2014_aarch64.whl", hash = "sha256:ac07bad82163452a6884fe8fa0963fb98c2346ba78d779ec06bd7a6262132aee", size = 29452 },
    { url = "https://files.pythonhosted.org/packages/0a/0d/2454f072fae3b5a137c119abf15465d1771319dfe9e4acbb31722a0fff91/MarkupSafe-2.1.5-cp312-cp312-manylinux_2_17_x86_64.manylinux2014_x86_64.whl", hash = "sha256:f5dfb42c4604dddc8e4305050aa6deb084540643ed5804d7455b5df8fe16f5e5", size = 28462 },
    { url = "https://files.pythonhosted.org/packages/2d/75/fd6cb2e68780f72d47e6671840ca517bda5ef663d30ada7616b0462ad1e3/MarkupSafe-2.1.5-cp312-cp312-manylinux_2_5_i686.manylinux1_i686.manylinux_2_17_i686.manylinux2014_i686.whl", hash = "sha256:ea3d8a3d18833cf4304cd2fc9cbb1efe188ca9b5efef2bdac7adc20594a0e46b", size = 27869 },
    { url = "https://files.pythonhosted.org/packages/b0/81/147c477391c2750e8fc7705829f7351cf1cd3be64406edcf900dc633feb2/MarkupSafe-2.1.5-cp312-cp312-musllinux_1_1_aarch64.whl", hash = "sha256:d050b3361367a06d752db6ead6e7edeb0009be66bc3bae0ee9d97fb326badc2a", size = 33906 },
    { url = "https://files.pythonhosted.org/packages/8b/ff/9a52b71839d7a256b563e85d11050e307121000dcebc97df120176b3ad93/MarkupSafe-2.1.5-cp312-cp312-musllinux_1_1_i686.whl", hash = "sha256:bec0a414d016ac1a18862a519e54b2fd0fc8bbfd6890376898a6c0891dd82e9f", size = 32296 },
    { url = "https://files.pythonhosted.org/packages/88/07/2dc76aa51b481eb96a4c3198894f38b480490e834479611a4053fbf08623/MarkupSafe-2.1.5-cp312-cp312-musllinux_1_1_x86_64.whl", hash = "sha256:58c98fee265677f63a4385256a6d7683ab1832f3ddd1e66fe948d5880c21a169", size = 33038 },
    { url = "https://files.pythonhosted.org/packages/96/0c/620c1fb3661858c0e37eb3cbffd8c6f732a67cd97296f725789679801b31/MarkupSafe-2.1.5-cp312-cp312-win32.whl", hash = "sha256:8590b4ae07a35970728874632fed7bd57b26b0102df2d2b233b6d9d82f6c62ad", size = 16572 },
    { url = "https://files.pythonhosted.org/packages/3f/14/c3554d512d5f9100a95e737502f4a2323a1959f6d0d01e0d0997b35f7b10/MarkupSafe-2.1.5-cp312-cp312-win_amd64.whl", hash = "sha256:823b65d8706e32ad2df51ed89496147a42a2a6e01c13cfb6ffb8b1e92bc910bb", size = 17127 },
]

[[package]]
name = "packaging"
version = "24.1"
source = { registry = "https://pypi.org/simple" }
sdist = { url = "https://files.pythonhosted.org/packages/51/65/50db4dda066951078f0a96cf12f4b9ada6e4b811516bf0262c0f4f7064d4/packaging-24.1.tar.gz", hash = "sha256:026ed72c8ed3fcce5bf8950572258698927fd1dbda10a5e981cdf0ac37f4f002", size = 148788 }
wheels = [
    { url = "https://files.pythonhosted.org/packages/08/aa/cc0199a5f0ad350994d660967a8efb233fe0416e4639146c089643407ce6/packaging-24.1-py3-none-any.whl", hash = "sha256:5b8f2217dbdbd2f7f384c41c628544e6d52f2d0f53c6d0c3ea61aa5d1d7ff124", size = 53985 },
]

[[package]]
name = "plotly"
version = "5.24.0"
source = { registry = "https://pypi.org/simple" }
dependencies = [
    { name = "packaging" },
    { name = "tenacity" },
]
sdist = { url = "https://files.pythonhosted.org/packages/33/d1/c802129c6e36e32dc549d05008c187c736800be2a521d5d92db9ccf66341/plotly-5.24.0.tar.gz", hash = "sha256:eae9f4f54448682442c92c1e97148e3ad0c52f0cf86306e1b76daba24add554a", size = 9446832 }
wheels = [
    { url = "https://files.pythonhosted.org/packages/b3/f6/64fe388089588a0c364b03809443cd628fe0261d1364313fb7aec6bb0ebc/plotly-5.24.0-py3-none-any.whl", hash = "sha256:0e54efe52c8cef899f7daa41be9ed97dfb6be622613a2a8f56a86a0634b2b67e", size = 18996913 },
]

[[package]]
name = "polars"
version = "1.6.0"
source = { registry = "https://pypi.org/simple" }
sdist = { url = "https://files.pythonhosted.org/packages/2b/a9/cf169ce361224d4b397f52d6fcceb191452ecdc50813ce2aa6c60ff46e04/polars-1.6.0.tar.gz", hash = "sha256:d7e8d5e577883a9755bc3be92ecbf6f20bced68267bdb8bdb440120e905cc19c", size = 3929590 }
wheels = [
    { url = "https://files.pythonhosted.org/packages/51/a6/00e9c0cc08d8b279ee576dca105fb5b6c3f812f56ce6bbefdf127773641b/polars-1.6.0-cp38-abi3-macosx_10_12_x86_64.whl", hash = "sha256:6d1665c23e3574ebd47a26a5d7b619e6e73e53718c3b0bfd7d08b6a0a4ae7daa", size = 30510442 },
    { url = "https://files.pythonhosted.org/packages/95/0d/7665314925d774236404919678c197abe4818d1820387017a23f21e27815/polars-1.6.0-cp38-abi3-macosx_11_0_arm64.whl", hash = "sha256:d7f3abf085adf034720b358119c4c8e144bcc2d96010b7e7d0afa11b80da383c", size = 26758515 },
    { url = "https://files.pythonhosted.org/packages/04/1c/1a0a0a2c076bec8501ada9496afe5486c9e994558b0c80057f7e3ee6ec16/polars-1.6.0-cp38-abi3-manylinux_2_17_x86_64.manylinux2014_x86_64.whl", hash = "sha256:a166adb429f8ee099c9d803e7470a80c76368437a8b272c67cef9eef6d5e9da1", size = 31869680 },
    { url = "https://files.pythonhosted.org/packages/c1/95/224139dbd93ce450f194233f643f08e759f369c10c5bd62a13d615dd886c/polars-1.6.0-cp38-abi3-manylinux_2_24_aarch64.whl", hash = "sha256:1c811b772c9476f7f0bb4445a8387d2ab6d86f5e79140b1bfba914a32788d261", size = 28441792 },
    { url = "https://files.pythonhosted.org/packages/fa/cb/8f97ea9bbe41f862cc685b1f223ee8508c60f6510918de75637b3539e62d/polars-1.6.0-cp38-abi3-win_amd64.whl", hash = "sha256:ffae15ffa80fda5cc3af44a340b565bcf7f2ab6d7854d3f967baf505710c78e2", size = 31424668 },
]

[[package]]
name = "python-engineio"
version = "4.9.1"
source = { registry = "https://pypi.org/simple" }
dependencies = [
    { name = "simple-websocket" },
]
sdist = { url = "https://files.pythonhosted.org/packages/50/01/94faf505820f1fb94133a456dad87a76df589f6999de563229a342e412fa/python_engineio-4.9.1.tar.gz", hash = "sha256:7631cf5563086076611e494c643b3fa93dd3a854634b5488be0bba0ef9b99709", size = 89549 }
wheels = [
    { url = "https://files.pythonhosted.org/packages/ad/38/4642c75241686c9cf05d23c50b9ffbd760507292f12fdfb04adc2ab5d34a/python_engineio-4.9.1-py3-none-any.whl", hash = "sha256:f995e702b21f6b9ebde4e2000cd2ad0112ba0e5116ec8d22fe3515e76ba9dddd", size = 57686 },
]

[[package]]
name = "python-socketio"
version = "5.11.4"
source = { registry = "https://pypi.org/simple" }
dependencies = [
    { name = "bidict" },
    { name = "python-engineio" },
]
sdist = { url = "https://files.pythonhosted.org/packages/32/31/4ba0d9d86c645ba335d645f49167ca58b0874ca0e421682f97964e8adb42/python_socketio-5.11.4.tar.gz", hash = "sha256:8b0b8ff2964b2957c865835e936310190639c00310a47d77321a594d1665355e", size = 118982 }
wheels = [
    { url = "https://files.pythonhosted.org/packages/7e/9a/52b94c8c9516e07844d3da3d0da3e68649f172aeeace8d7a1becca9e6111/python_socketio-5.11.4-py3-none-any.whl", hash = "sha256:42efaa3e3e0b166fc72a527488a13caaac2cefc76174252486503bd496284945", size = 76246 },
]

[[package]]
name = "rapidfuzz"
version = "3.9.7"
source = { registry = "https://pypi.org/simple" }
sdist = { url = "https://files.pythonhosted.org/packages/17/ac/1f1bf726645d7740df2d1371380e35098bb8a460f482343cba1dd1668ab6/rapidfuzz-3.9.7.tar.gz", hash = "sha256:f1c7296534c1afb6f495aa95871f14ccdc197c6db42965854e483100df313030", size = 1596228 }
wheels = [
    { url = "https://files.pythonhosted.org/packages/c5/69/3382886cf73774d6b4085e177e665326ee065d806ed775aa61e5d9e5cd8a/rapidfuzz-3.9.7-cp312-cp312-macosx_10_9_x86_64.whl", hash = "sha256:1ef6a1a8f0b12f8722f595f15c62950c9a02d5abc64742561299ffd49f6c6944", size = 2053430 },
    { url = "https://files.pythonhosted.org/packages/33/58/d67551479432be743b9e36eaf46e8ca6a76a8edfeb060137856576836129/rapidfuzz-3.9.7-cp312-cp312-macosx_11_0_arm64.whl", hash = "sha256:32532af1d70c6ec02ea5ac7ee2766dfff7c8ae8c761abfe8da9e527314e634e8", size = 1506225 },
    { url = "https://files.pythonhosted.org/packages/f0/d5/294e26070cc5f3ad079c001606f6fcccbd6e0d7e8b58dd1c9d4048971706/rapidfuzz-3.9.7-cp312-cp312-manylinux_2_17_aarch64.manylinux2014_aarch64.whl", hash = "sha256:ae1a38bade755aa9dd95a81cda949e1bf9cd92b79341ccc5e2189c9e7bdfc5ec", size = 1542826 },
    { url = "https://files.pythonhosted.org/packages/24/4d/3e7f2afdb4571031e2b122d5d7a029dbc3e98a54d11ef5b20be142dbc688/rapidfuzz-3.9.7-cp312-cp312-manylinux_2_17_i686.manylinux2014_i686.whl", hash = "sha256:d73ee2df41224c87336448d279b5b6a3a75f36e41dd3dcf538c0c9cce36360d8", size = 5858829 },
    { url = "https://files.pythonhosted.org/packages/c3/37/71c46506ec0e71a3508fc1ea23a44c34f948b8e21057dd5cc23ebd252267/rapidfuzz-3.9.7-cp312-cp312-manylinux_2_17_ppc64le.manylinux2014_ppc64le.whl", hash = "sha256:be3a1fc3e2ab3bdf93dc0c83c00acca8afd2a80602297d96cf4a0ba028333cdf", size = 1794619 },
    { url = "https://files.pythonhosted.org/packages/5b/66/c62120f3d559136eb5d9504d0a1665f3d3ba63f0fe936360a605de8b3a4a/rapidfuzz-3.9.7-cp312-cp312-manylinux_2_17_s390x.manylinux2014_s390x.whl", hash = "sha256:603f48f621272a448ff58bb556feb4371252a02156593303391f5c3281dfaeac", size = 1818937 },
    { url = "https://files.pythonhosted.org/packages/1e/bf/4717fb73e06c717d25472433420dec570cf8ee283a23529a643eb6317284/rapidfuzz-3.9.7-cp312-cp312-manylinux_2_17_x86_64.manylinux2014_x86_64.whl", hash = "sha256:268f8e1ca50fc61c0736f3fe9d47891424adf62d96ed30196f30f4bd8216b41f", size = 3381291 },
    { url = "https://files.pythonhosted.org/packages/e7/33/d3dce4519a2d2d0c52174780aba6908ecb7c01182d8c3411a30d85849635/rapidfuzz-3.9.7-cp312-cp312-musllinux_1_2_aarch64.whl", hash = "sha256:5f8bf3f0d02935751d8660abda6044821a861f6229f7d359f98bcdcc7e66c39b", size = 2425772 },
    { url = "https://files.pythonhosted.org/packages/30/72/0fb88a4e5d500cfc15bcc1d3c854fe53cf6242ba917a0626a615a1f5c579/rapidfuzz-3.9.7-cp312-cp312-musllinux_1_2_i686.whl", hash = "sha256:b997ff3b39d4cee9fb025d6c46b0a24bd67595ce5a5b652a97fb3a9d60beb651", size = 7176976 },
    { url = "https://files.pythonhosted.org/packages/61/21/82acba73a147dd009aef4603da95ff8cbacb644e79f409244ee65fd5a299/rapidfuzz-3.9.7-cp312-cp312-musllinux_1_2_ppc64le.whl", hash = "sha256:ca66676c8ef6557f9b81c5b2b519097817a7c776a6599b8d6fcc3e16edd216fe", size = 2800261 },
    { url = "https://files.pythonhosted.org/packages/73/3a/edccc360599fe6153472d4f2452cff65dd45422453141504d5002e1ce450/rapidfuzz-3.9.7-cp312-cp312-musllinux_1_2_s390x.whl", hash = "sha256:35d3044cb635ca6b1b2b7b67b3597bd19f34f1753b129eb6d2ae04cf98cd3945", size = 3345108 },
    { url = "https://files.pythonhosted.org/packages/38/00/e7b2656faa7a4ec6760299ab973d37fa9cae6ae91f6e3ca3987577665b99/rapidfuzz-3.9.7-cp312-cp312-musllinux_1_2_x86_64.whl", hash = "sha256:5a93c9e60904cb76e7aefef67afffb8b37c4894f81415ed513db090f29d01101", size = 4360023 },
    { url = "https://files.pythonhosted.org/packages/0d/c5/a9ab2e06a6661aa6f3955b478e3c6c6c2ebd9016570d6a34e88f41b4e59f/rapidfuzz-3.9.7-cp312-cp312-win32.whl", hash = "sha256:579d107102c0725f7c79b4e79f16d3cf4d7c9208f29c66b064fa1fd4641d5155", size = 1842729 },
    { url = "https://files.pythonhosted.org/packages/70/e6/4aa3e901452f54c201435da7f61a896daa16dce7899d4aebb856666ddb6b/rapidfuzz-3.9.7-cp312-cp312-win_amd64.whl", hash = "sha256:953b3780765c8846866faf891ee4290f6a41a6dacf4fbcd3926f78c9de412ca6", size = 1655171 },
    { url = "https://files.pythonhosted.org/packages/0d/16/8fadcef053e7658e731e2155ca795279c5159a28035891324f482e4ff6fc/rapidfuzz-3.9.7-cp312-cp312-win_arm64.whl", hash = "sha256:7c20c1474b068c4bd45bf2fd0ad548df284f74e9a14a68b06746c56e3aa8eb70", size = 851234 },
    { url = "https://files.pythonhosted.org/packages/78/5c/7a2f42b4610a1edf23aca94f609bf3390671e3b0e1bb42dab32274699b23/rapidfuzz-3.9.7-cp313-cp313-macosx_10_13_x86_64.whl", hash = "sha256:fde81b1da9a947f931711febe2e2bee694e891f6d3e6aa6bc02c1884702aea19", size = 2026090 },
    { url = "https://files.pythonhosted.org/packages/93/60/9cfaac357675e8459f3360cd300cbb34dfa58061f8ad3acab0b5bf474c6f/rapidfuzz-3.9.7-cp313-cp313-macosx_11_0_arm64.whl", hash = "sha256:47e92c155a14f44511ea8ebcc6bc1535a1fe8d0a7d67ad3cc47ba61606df7bcf", size = 1499416 },
    { url = "https://files.pythonhosted.org/packages/f2/53/1c2a0a525f709bb0cb0891c51d914a08e8f1e2f66078d43c17586f43610a/rapidfuzz-3.9.7-cp313-cp313-manylinux_2_17_aarch64.manylinux2014_aarch64.whl", hash = "sha256:8772b745668260c5c4d069c678bbaa68812e6c69830f3771eaad521af7bc17f8", size = 1537254 },
    { url = "https://files.pythonhosted.org/packages/cc/0e/4c7e85cc9f10ea005c3695af3f6ba47e5796fbe28a7700170cb09b266156/rapidfuzz-3.9.7-cp313-cp313-manylinux_2_17_i686.manylinux2014_i686.whl", hash = "sha256:578302828dd97ee2ba507d2f71d62164e28d2fc7bc73aad0d2d1d2afc021a5d5", size = 5877170 },
    { url = "https://files.pythonhosted.org/packages/07/71/548af38b262bc4494266a7e26250e22ebd686203b5c9269e2878383b34fc/rapidfuzz-3.9.7-cp313-cp313-manylinux_2_17_ppc64le.manylinux2014_ppc64le.whl", hash = "sha256:fc3e6081069eea61593f1d6839029da53d00c8c9b205c5534853eaa3f031085c", size = 1766905 },
    { url = "https://files.pythonhosted.org/packages/9c/ef/96159e7e0236efe9ffb78d7b02cee1b6a02dede9c23ede56ae4454031348/rapidfuzz-3.9.7-cp313-cp313-manylinux_2_17_s390x.manylinux2014_s390x.whl", hash = "sha256:0b1c2d504eddf97bc0f2eba422c8915576dbf025062ceaca2d68aecd66324ad9", size = 1819869 },
    { url = "https://files.pythonhosted.org/packages/75/8d/73d521da17f32ad389e8593f9d3d5df06b889ed2d261ca5a5bed657a13e8/rapidfuzz-3.9.7-cp313-cp313-manylinux_2_17_x86_64.manylinux2014_x86_64.whl", hash = "sha256:6fb76e5a21034f0307c51c5a2fc08856f698c53a4c593b17d291f7d6e9d09ca3", size = 3361102 },
    { url = "https://files.pythonhosted.org/packages/3a/bc/394837f81c377aad90cc6d5e0fa138da91101a63cac31b31f2ca85a65c7c/rapidfuzz-3.9.7-cp313-cp313-musllinux_1_2_aarch64.whl", hash = "sha256:d4ba2318ef670ce505f42881a5d2af70f948124646947341a3c6ccb33cd70369", size = 2421346 },
    { url = "https://files.pythonhosted.org/packages/96/fa/daf98b62dc5e6b6e094d6d17f0b23340463f1b4c9e556249103acba4ee7c/rapidfuzz-3.9.7-cp313-cp313-musllinux_1_2_i686.whl", hash = "sha256:057bb03f39e285047d7e9412e01ecf31bb2d42b9466a5409d715d587460dd59b", size = 7190698 },
    { url = "https://files.pythonhosted.org/packages/dc/da/d548faf4d8cf14c0c58bd2ea91d27d3f0137dd2a7973eece7a561e0b9a2c/rapidfuzz-3.9.7-cp313-cp313-musllinux_1_2_ppc64le.whl", hash = "sha256:a8feac9006d5c9758438906f093befffc4290de75663dbb2098461df7c7d28dd", size = 2791263 },
    { url = "https://files.pythonhosted.org/packages/35/17/5cb93655581eccf105c006c3d1918e9e7f359df6b2dbe0fbb012e4a4a4cd/rapidfuzz-3.9.7-cp313-cp313-musllinux_1_2_s390x.whl", hash = "sha256:95b8292383e717e10455f2c917df45032b611141e43d1adf70f71b1566136b11", size = 3341012 },
    { url = "https://files.pythonhosted.org/packages/a5/77/3486e011a9977ca5f070469f1ff38c7e38877e5ca4299368c85af48e1189/rapidfuzz-3.9.7-cp313-cp313-musllinux_1_2_x86_64.whl", hash = "sha256:e9fbf659537d246086d0297628b3795dc3e4a384101ecc01e5791c827b8d7345", size = 4355424 },
    { url = "https://files.pythonhosted.org/packages/6d/c7/a4add18324590be9cf311763baf0b3afe24a3065f54604052e6141161a45/rapidfuzz-3.9.7-cp313-cp313-win32.whl", hash = "sha256:1dc516ac6d32027be2b0196bedf6d977ac26debd09ca182376322ad620460feb", size = 1840822 },
    { url = "https://files.pythonhosted.org/packages/6e/3c/cc468b42740bb77dc94dd92cd29cf18ea4301a6f0cea3663d3291d97800a/rapidfuzz-3.9.7-cp313-cp313-win_amd64.whl", hash = "sha256:b4f86e09d3064dca0b014cd48688964036a904a2d28048f00c8f4640796d06a8", size = 1652011 },
    { url = "https://files.pythonhosted.org/packages/96/c7/b1fbae97a9e53ae833d477653bf5ab095b14338da0e79db4ae4bbf985ebb/rapidfuzz-3.9.7-cp313-cp313-win_arm64.whl", hash = "sha256:19c64d8ddb2940b42a4567b23f1681af77f50a5ff6c9b8e85daba079c210716e", size = 850094 },
]

[[package]]
name = "requests"
version = "2.32.3"
source = { registry = "https://pypi.org/simple" }
dependencies = [
    { name = "certifi" },
    { name = "charset-normalizer" },
    { name = "idna" },
    { name = "urllib3" },
]
sdist = { url = "https://files.pythonhosted.org/packages/63/70/2bf7780ad2d390a8d301ad0b550f1581eadbd9a20f896afe06353c2a2913/requests-2.32.3.tar.gz", hash = "sha256:55365417734eb18255590a9ff9eb97e9e1da868d4ccd6402399eaf68af20a760", size = 131218 }
wheels = [
    { url = "https://files.pythonhosted.org/packages/f9/9b/335f9764261e915ed497fcdeb11df5dfd6f7bf257d4a6a2a686d80da4d54/requests-2.32.3-py3-none-any.whl", hash = "sha256:70761cfe03c773ceb22aa2f671b4757976145175cdfca038c02654d061d6dcc6", size = 64928 },
]

[[package]]
name = "simple-websocket"
version = "1.0.0"
source = { registry = "https://pypi.org/simple" }
dependencies = [
    { name = "wsproto" },
]
sdist = { url = "https://files.pythonhosted.org/packages/d3/82/3cf87d317911864a2f2a8daf1779fc7f82d5d55e6a8aaa0315f8209047a7/simple-websocket-1.0.0.tar.gz", hash = "sha256:17d2c72f4a2bd85174a97e3e4c88b01c40c3f81b7b648b0cc3ce1305968928c8", size = 13071 }
wheels = [
    { url = "https://files.pythonhosted.org/packages/6d/ea/288a8ac1d9551354488ff60c0ac6a76acc3b6b60f0460ac1944c75e240da/simple_websocket-1.0.0-py3-none-any.whl", hash = "sha256:1d5bf585e415eaa2083e2bcf02a3ecf91f9712e7b3e6b9fa0b461ad04e0837bc", size = 13712 },
]

[[package]]
name = "tenacity"
version = "9.0.0"
source = { registry = "https://pypi.org/simple" }
sdist = { url = "https://files.pythonhosted.org/packages/cd/94/91fccdb4b8110642462e653d5dcb27e7b674742ad68efd146367da7bdb10/tenacity-9.0.0.tar.gz", hash = "sha256:807f37ca97d62aa361264d497b0e31e92b8027044942bfa756160d908320d73b", size = 47421 }
wheels = [
    { url = "https://files.pythonhosted.org/packages/b6/cb/b86984bed139586d01532a587464b5805f12e397594f19f931c4c2fbfa61/tenacity-9.0.0-py3-none-any.whl", hash = "sha256:93de0c98785b27fcf659856aa9f54bfbd399e29969b0621bc7f762bd441b4539", size = 28169 },
]

[[package]]
name = "tqdm"
version = "4.66.5"
source = { registry = "https://pypi.org/simple" }
dependencies = [
    { name = "colorama", marker = "platform_system == 'Windows'" },
]
sdist = { url = "https://files.pythonhosted.org/packages/58/83/6ba9844a41128c62e810fddddd72473201f3eacde02046066142a2d96cc5/tqdm-4.66.5.tar.gz", hash = "sha256:e1020aef2e5096702d8a025ac7d16b1577279c9d63f8375b63083e9a5f0fcbad", size = 169504 }
wheels = [
    { url = "https://files.pythonhosted.org/packages/48/5d/acf5905c36149bbaec41ccf7f2b68814647347b72075ac0b1fe3022fdc73/tqdm-4.66.5-py3-none-any.whl", hash = "sha256:90279a3770753eafc9194a0364852159802111925aa30eb3f9d85b0e805ac7cd", size = 78351 },
]

[[package]]
name = "urllib3"
version = "2.2.2"
source = { registry = "https://pypi.org/simple" }
sdist = { url = "https://files.pythonhosted.org/packages/43/6d/fa469ae21497ddc8bc93e5877702dca7cb8f911e337aca7452b5724f1bb6/urllib3-2.2.2.tar.gz", hash = "sha256:dd505485549a7a552833da5e6063639d0d177c04f23bc3864e41e5dc5f612168", size = 292266 }
wheels = [
    { url = "https://files.pythonhosted.org/packages/ca/1c/89ffc63a9605b583d5df2be791a27bc1a42b7c32bab68d3c8f2f73a98cd4/urllib3-2.2.2-py3-none-any.whl", hash = "sha256:a448b2f64d686155468037e1ace9f2d2199776e17f0a46610480d311f73e3472", size = 121444 },
]

[[package]]
name = "werkzeug"
version = "3.0.4"
source = { registry = "https://pypi.org/simple" }
dependencies = [
    { name = "markupsafe" },
]
sdist = { url = "https://files.pythonhosted.org/packages/0f/e2/6dbcaab07560909ff8f654d3a2e5a60552d937c909455211b1b36d7101dc/werkzeug-3.0.4.tar.gz", hash = "sha256:34f2371506b250df4d4f84bfe7b0921e4762525762bbd936614909fe25cd7306", size = 803966 }
wheels = [
    { url = "https://files.pythonhosted.org/packages/4b/84/997bbf7c2bf2dc3f09565c6d0b4959fefe5355c18c4096cfd26d83e0785b/werkzeug-3.0.4-py3-none-any.whl", hash = "sha256:02c9eb92b7d6c06f31a782811505d2157837cea66aaede3e217c7c27c039476c", size = 227554 },
]

[[package]]
name = "wsproto"
version = "1.2.0"
source = { registry = "https://pypi.org/simple" }
dependencies = [
    { name = "h11" },
]
sdist = { url = "https://files.pythonhosted.org/packages/c9/4a/44d3c295350d776427904d73c189e10aeae66d7f555bb2feee16d1e4ba5a/wsproto-1.2.0.tar.gz", hash = "sha256:ad565f26ecb92588a3e43bc3d96164de84cd9902482b130d0ddbaa9664a85065", size = 53425 }
wheels = [
    { url = "https://files.pythonhosted.org/packages/78/58/e860788190eba3bcce367f74d29c4675466ce8dddfba85f7827588416f01/wsproto-1.2.0-py3-none-any.whl", hash = "sha256:b9acddd652b585d75b20477888c56642fdade28bdfd3579aa24a4d2c037dd736", size = 24226 },
]
